
Microsoft Visual Studio Solution File, Format Version 12.00
# Visual Studio Version 17
VisualStudioVersion = 17.3.32901.215
MinimumVisualStudioVersion = 10.0.40219.1
Project("{FAE04EC0-301F-11D3-BF4B-00C04F79EFBC}") = "XamarinFireBaseAuth.Android", "XamarinFireBaseAuth\XamarinFireBaseAuth.Android\XamarinFireBaseAuth.Android.csproj", "{26D85442-1273-4716-9FFF-026BBC16A996}"
EndProject
Project("{FAE04EC0-301F-11D3-BF4B-00C04F79EFBC}") = "XamarinFireBaseAuth.iOS", "XamarinFireBaseAuth\XamarinFireBaseAuth.iOS\XamarinFireBaseAuth.iOS.csproj", "{05CC654F-0A25-4686-96C6-1495DB5B5DEC}"
EndProject
Project("{FAE04EC0-301F-11D3-BF4B-00C04F79EFBC}") = "XamarinFireBaseAuth", "XamarinFireBaseAuth\XamarinFireBaseAuth\XamarinFireBaseAuth.csproj", "{FE142669-6E81-444E-BBF2-D039CCA56DE4}"
EndProject
Global
	GlobalSection(SolutionConfigurationPlatforms) = preSolution
		Debug|Any CPU = Debug|Any CPU
		Debug|iPhone = Debug|iPhone
		Debug|iPhoneSimulator = Debug|iPhoneSimulator
		Release|Any CPU = Release|Any CPU
		Release|iPhone = Release|iPhone
		Release|iPhoneSimulator = Release|iPhoneSimulator
	EndGlobalSection
	GlobalSection(ProjectConfigurationPlatforms) = postSolution
		{26D85442-1273-4716-9FFF-026BBC16A996}.Debug|Any CPU.ActiveCfg = Debug|Any CPU
		{26D85442-1273-4716-9FFF-026BBC16A996}.Debug|Any CPU.Build.0 = Debug|Any CPU
		{26D85442-1273-4716-9FFF-026BBC16A996}.Debug|Any CPU.Deploy.0 = Debug|Any CPU
		{26D85442-1273-4716-9FFF-026BBC16A996}.Debug|iPhone.ActiveCfg = Debug|Any CPU
		{26D85442-1273-4716-9FFF-026BBC16A996}.Debug|iPhone.Build.0 = Debug|Any CPU
		{26D85442-1273-4716-9FFF-026BBC16A996}.Debug|iPhone.Deploy.0 = Debug|Any CPU
		{26D85442-1273-4716-9FFF-026BBC16A996}.Debug|iPhoneSimulator.ActiveCfg = Debug|Any CPU
		{26D85442-1273-4716-9FFF-026BBC16A996}.Debug|iPhoneSimulator.Build.0 = Debug|Any CPU
		{26D85442-1273-4716-9FFF-026BBC16A996}.Debug|iPhoneSimulator.Deploy.0 = Debug|Any CPU
		{26D85442-1273-4716-9FFF-026BBC16A996}.Release|Any CPU.ActiveCfg = Release|Any CPU
		{26D85442-1273-4716-9FFF-026BBC16A996}.Release|Any CPU.Build.0 = Release|Any CPU
		{26D85442-1273-4716-9FFF-026BBC16A996}.Release|Any CPU.Deploy.0 = Release|Any CPU
		{26D85442-1273-4716-9FFF-026BBC16A996}.Release|iPhone.ActiveCfg = Release|Any CPU
		{26D85442-1273-4716-9FFF-026BBC16A996}.Release|iPhone.Build.0 = Release|Any CPU
		{26D85442-1273-4716-9FFF-026BBC16A996}.Release|iPhone.Deploy.0 = Release|Any CPU
		{26D85442-1273-4716-9FFF-026BBC16A996}.Release|iPhoneSimulator.ActiveCfg = Release|Any CPU
		{26D85442-1273-4716-9FFF-026BBC16A996}.Release|iPhoneSimulator.Build.0 = Release|Any CPU
		{26D85442-1273-4716-9FFF-026BBC16A996}.Release|iPhoneSimulator.Deploy.0 = Release|Any CPU
		{05CC654F-0A25-4686-96C6-1495DB5B5DEC}.Debug|Any CPU.ActiveCfg = Debug|iPhone
		{05CC654F-0A25-4686-96C6-1495DB5B5DEC}.Debug|Any CPU.Build.0 = Debug|iPhone
		{05CC654F-0A25-4686-96C6-1495DB5B5DEC}.Debug|Any CPU.Deploy.0 = Debug|iPhone
		{05CC654F-0A25-4686-96C6-1495DB5B5DEC}.Debug|iPhone.ActiveCfg = Debug|iPhone
		{05CC654F-0A25-4686-96C6-1495DB5B5DEC}.Debug|iPhone.Build.0 = Debug|iPhone
		{05CC654F-0A25-4686-96C6-1495DB5B5DEC}.Debug|iPhone.Deploy.0 = Debug|iPhone
		{05CC654F-0A25-4686-96C6-1495DB5B5DEC}.Debug|iPhoneSimulator.ActiveCfg = Debug|iPhoneSimulator
		{05CC654F-0A25-4686-96C6-1495DB5B5DEC}.Debug|iPhoneSimulator.Build.0 = Debug|iPhoneSimulator
		{05CC654F-0A25-4686-96C6-1495DB5B5DEC}.Debug|iPhoneSimulator.Deploy.0 = Debug|iPhoneSimulator
		{05CC654F-0A25-4686-96C6-1495DB5B5DEC}.Release|Any CPU.ActiveCfg = Release|iPhoneSimulator
		{05CC654F-0A25-4686-96C6-1495DB5B5DEC}.Release|Any CPU.Build.0 = Release|iPhoneSimulator
		{05CC654F-0A25-4686-96C6-1495DB5B5DEC}.Release|Any CPU.Deploy.0 = Release|iPhoneSimulator
		{05CC654F-0A25-4686-96C6-1495DB5B5DEC}.Release|iPhone.ActiveCfg = Release|iPhone
		{05CC654F-0A25-4686-96C6-1495DB5B5DEC}.Release|iPhone.Build.0 = Release|iPhone
		{05CC654F-0A25-4686-96C6-1495DB5B5DEC}.Release|iPhone.Deploy.0 = Release|iPhone
		{05CC654F-0A25-4686-96C6-1495DB5B5DEC}.Release|iPhoneSimulator.ActiveCfg = Release|iPhoneSimulator
		{05CC654F-0A25-4686-96C6-1495DB5B5DEC}.Release|iPhoneSimulator.Build.0 = Release|iPhoneSimulator
		{05CC654F-0A25-4686-96C6-1495DB5B5DEC}.Release|iPhoneSimulator.Deploy.0 = Release|iPhoneSimulator
		{FE142669-6E81-444E-BBF2-D039CCA56DE4}.Debug|Any CPU.ActiveCfg = Debug|Any CPU
		{FE142669-6E81-444E-BBF2-D039CCA56DE4}.Debug|Any CPU.Build.0 = Debug|Any CPU
		{FE142669-6E81-444E-BBF2-D039CCA56DE4}.Debug|Any CPU.Deploy.0 = Debug|Any CPU
		{FE142669-6E81-444E-BBF2-D039CCA56DE4}.Debug|iPhone.ActiveCfg = Debug|Any CPU
		{FE142669-6E81-444E-BBF2-D039CCA56DE4}.Debug|iPhone.Build.0 = Debug|Any CPU
		{FE142669-6E81-444E-BBF2-D039CCA56DE4}.Debug|iPhone.Deploy.0 = Debug|Any CPU
		{FE142669-6E81-444E-BBF2-D039CCA56DE4}.Debug|iPhoneSimulator.ActiveCfg = Debug|Any CPU
		{FE142669-6E81-444E-BBF2-D039CCA56DE4}.Debug|iPhoneSimulator.Build.0 = Debug|Any CPU
		{FE142669-6E81-444E-BBF2-D039CCA56DE4}.Debug|iPhoneSimulator.Deploy.0 = Debug|Any CPU
		{FE142669-6E81-444E-BBF2-D039CCA56DE4}.Release|Any CPU.ActiveCfg = Release|Any CPU
		{FE142669-6E81-444E-BBF2-D039CCA56DE4}.Release|Any CPU.Build.0 = Release|Any CPU
		{FE142669-6E81-444E-BBF2-D039CCA56DE4}.Release|Any CPU.Deploy.0 = Release|Any CPU
		{FE142669-6E81-444E-BBF2-D039CCA56DE4}.Release|iPhone.ActiveCfg = Release|Any CPU
		{FE142669-6E81-444E-BBF2-D039CCA56DE4}.Release|iPhone.Build.0 = Release|Any CPU
		{FE142669-6E81-444E-BBF2-D039CCA56DE4}.Release|iPhone.Deploy.0 = Release|Any CPU
		{FE142669-6E81-444E-BBF2-D039CCA56DE4}.Release|iPhoneSimulator.ActiveCfg = Release|Any CPU
		{FE142669-6E81-444E-BBF2-D039CCA56DE4}.Release|iPhoneSimulator.Build.0 = Release|Any CPU
		{FE142669-6E81-444E-BBF2-D039CCA56DE4}.Release|iPhoneSimulator.Deploy.0 = Release|Any CPU
	EndGlobalSection
	GlobalSection(SolutionProperties) = preSolution
		HideSolutionNode = FALSE
	EndGlobalSection
	GlobalSection(ExtensibilityGlobals) = postSolution
		SolutionGuid = {01649665-6797-4EA3-923B-98FF86A11492}
	EndGlobalSection
EndGlobal
